# generated by rye
# use `rye lock` or `rye sync` to update this lockfile
#
# last locked with the following flags:
#   pre: false
#   features: []
#   all-features: false
#   with-sources: false

blinker==1.8.2
    # via flask
certifi==2024.2.2
    # via requests
charset-normalizer==3.3.2
    # via requests
click==8.1.7
    # via flask
deprecated==1.2.14
    # via opentelemetry-api
    # via opentelemetry-exporter-otlp-proto-grpc
    # via opentelemetry-exporter-otlp-proto-http
flask==3.0.3
googleapis-common-protos==1.63.0
    # via opentelemetry-exporter-otlp-proto-grpc
    # via opentelemetry-exporter-otlp-proto-http
grpcio==1.63.0
    # via opentelemetry-exporter-otlp-proto-grpc
idna==3.7
    # via requests
importlib-metadata==7.0.0
    # via opentelemetry-api
    # via opentelemetry-instrumentation-flask
itsdangerous==2.2.0
    # via flask
jinja2==3.1.4
    # via flask
markupsafe==2.1.5
    # via jinja2
    # via werkzeug
opentelemetry-api==1.24.0
    # via opentelemetry-distro
    # via opentelemetry-exporter-otlp-proto-grpc
    # via opentelemetry-exporter-otlp-proto-http
    # via opentelemetry-instrumentation
    # via opentelemetry-instrumentation-flask
    # via opentelemetry-instrumentation-wsgi
    # via opentelemetry-sdk
opentelemetry-distro==0.45b0
opentelemetry-exporter-otlp==1.24.0
    # via opentelemetry-distro
opentelemetry-exporter-otlp-proto-common==1.24.0
    # via opentelemetry-exporter-otlp-proto-grpc
    # via opentelemetry-exporter-otlp-proto-http
opentelemetry-exporter-otlp-proto-grpc==1.24.0
    # via opentelemetry-exporter-otlp
opentelemetry-exporter-otlp-proto-http==1.24.0
    # via opentelemetry-exporter-otlp
opentelemetry-instrumentation==0.45b0
    # via opentelemetry-distro
    # via opentelemetry-instrumentation-flask
    # via opentelemetry-instrumentation-wsgi
opentelemetry-instrumentation-flask==0.45b0
opentelemetry-instrumentation-wsgi==0.45b0
    # via opentelemetry-instrumentation-flask
opentelemetry-proto==1.24.0
    # via opentelemetry-exporter-otlp-proto-common
    # via opentelemetry-exporter-otlp-proto-grpc
    # via opentelemetry-exporter-otlp-proto-http
opentelemetry-sdk==1.24.0
    # via opentelemetry-distro
    # via opentelemetry-exporter-otlp-proto-grpc
    # via opentelemetry-exporter-otlp-proto-http
opentelemetry-semantic-conventions==0.45b0
    # via opentelemetry-instrumentation-flask
    # via opentelemetry-instrumentation-wsgi
    # via opentelemetry-sdk
opentelemetry-util-http==0.45b0
    # via opentelemetry-instrumentation-flask
    # via opentelemetry-instrumentation-wsgi
packaging==24.0
    # via opentelemetry-instrumentation-flask
protobuf==4.25.3
    # via googleapis-common-protos
    # via opentelemetry-proto
requests==2.31.0
    # via opentelemetry-exporter-otlp-proto-http
setuptools==69.5.1
    # via opentelemetry-instrumentation
typing-extensions==4.11.0
    # via opentelemetry-sdk
urllib3==2.2.1
    # via requests
werkzeug==3.0.3
    # via flask
wrapt==1.16.0
    # via deprecated
    # via opentelemetry-instrumentation
zipp==3.18.1
    # via importlib-metadata
